// !$*UTF8*$!
{
	archiveVersion = 1;
	classes = {
	};
	objectVersion = 55;
	objects = {

/* Begin PBXBuildFile section */
		8D158D4C28AF93E400EA4407 /* swift_chartsApp.swift in Sources */ = {isa = PBXBuildFile; fileRef = 8D158D4B28AF93E400EA4407 /* swift_chartsApp.swift */; };
		8D158D4E28AF93E400EA4407 /* ContentView.swift in Sources */ = {isa = PBXBuildFile; fileRef = 8D158D4D28AF93E400EA4407 /* ContentView.swift */; };
		8D158D5028AF93E700EA4407 /* Assets.xcassets in Resources */ = {isa = PBXBuildFile; fileRef = 8D158D4F28AF93E700EA4407 /* Assets.xcassets */; };
		8D158D5328AF93E700EA4407 /* Preview Assets.xcassets in Resources */ = {isa = PBXBuildFile; fileRef = 8D158D5228AF93E700EA4407 /* Preview Assets.xcassets */; };
		8D36031428B08B8100FC5A7C /* RetailAPI.swift in Sources */ = {isa = PBXBuildFile; fileRef = 8D36031328B08B8100FC5A7C /* RetailAPI.swift */; };
		8D36031828B0B38F00FC5A7C /* online-retail.csv in Resources */ = {isa = PBXBuildFile; fileRef = 8D36031728B0B38F00FC5A7C /* online-retail.csv */; };
		8D4A869E28B0E1040061E5DC /* ChartView.swift in Sources */ = {isa = PBXBuildFile; fileRef = 8D4A869D28B0E1040061E5DC /* ChartView.swift */; };
		8D4A86A328B219800061E5DC /* CoreDataStack.swift in Sources */ = {isa = PBXBuildFile; fileRef = 8D4A86A228B219800061E5DC /* CoreDataStack.swift */; };
		8D736DAB28B2712F0067E738 /* Model.xcdatamodeld in Sources */ = {isa = PBXBuildFile; fileRef = 8D736DA828B2712F0067E738 /* Model.xcdatamodeld */; };
		8DE8A8BC28B28F5900B898E1 /* Retail+CoreDataClass.swift in Sources */ = {isa = PBXBuildFile; fileRef = 8DE8A8B628B28F5900B898E1 /* Retail+CoreDataClass.swift */; };
		8DE8A8BD28B28F5900B898E1 /* Retail+CoreDataProperties.swift in Sources */ = {isa = PBXBuildFile; fileRef = 8DE8A8B728B28F5900B898E1 /* Retail+CoreDataProperties.swift */; };
		8DE8A8BE28B28F5900B898E1 /* Customer+CoreDataClass.swift in Sources */ = {isa = PBXBuildFile; fileRef = 8DE8A8B828B28F5900B898E1 /* Customer+CoreDataClass.swift */; };
		8DE8A8BF28B28F5900B898E1 /* Customer+CoreDataProperties.swift in Sources */ = {isa = PBXBuildFile; fileRef = 8DE8A8B928B28F5900B898E1 /* Customer+CoreDataProperties.swift */; };
		8DE8A8C028B28F5900B898E1 /* Invoice+CoreDataClass.swift in Sources */ = {isa = PBXBuildFile; fileRef = 8DE8A8BA28B28F5900B898E1 /* Invoice+CoreDataClass.swift */; };
		8DE8A8C128B28F5900B898E1 /* Invoice+CoreDataProperties.swift in Sources */ = {isa = PBXBuildFile; fileRef = 8DE8A8BB28B28F5900B898E1 /* Invoice+CoreDataProperties.swift */; };
/* End PBXBuildFile section */

/* Begin PBXFileReference section */
		8D158D4828AF93E400EA4407 /* swift-charts.app */ = {isa = PBXFileReference; explicitFileType = wrapper.application; includeInIndex = 0; path = "swift-charts.app"; sourceTree = BUILT_PRODUCTS_DIR; };
		8D158D4B28AF93E400EA4407 /* swift_chartsApp.swift */ = {isa = PBXFileReference; lastKnownFileType = sourcecode.swift; path = swift_chartsApp.swift; sourceTree = "<group>"; };
		8D158D4D28AF93E400EA4407 /* ContentView.swift */ = {isa = PBXFileReference; lastKnownFileType = sourcecode.swift; name = ContentView.swift; path = "swift-charts/ContentView.swift"; sourceTree = SOURCE_ROOT; };
		8D158D4F28AF93E700EA4407 /* Assets.xcassets */ = {isa = PBXFileReference; lastKnownFileType = folder.assetcatalog; path = Assets.xcassets; sourceTree = "<group>"; };
		8D158D5228AF93E700EA4407 /* Preview Assets.xcassets */ = {isa = PBXFileReference; lastKnownFileType = folder.assetcatalog; path = "Preview Assets.xcassets"; sourceTree = "<group>"; };
		8D36031328B08B8100FC5A7C /* RetailAPI.swift */ = {isa = PBXFileReference; lastKnownFileType = sourcecode.swift; path = RetailAPI.swift; sourceTree = "<group>"; };
		8D36031728B0B38F00FC5A7C /* online-retail.csv */ = {isa = PBXFileReference; fileEncoding = 4; lastKnownFileType = text; path = "online-retail.csv"; sourceTree = "<group>"; };
		8D4A869D28B0E1040061E5DC /* ChartView.swift */ = {isa = PBXFileReference; lastKnownFileType = sourcecode.swift; path = ChartView.swift; sourceTree = "<group>"; };
		8D4A86A228B219800061E5DC /* CoreDataStack.swift */ = {isa = PBXFileReference; lastKnownFileType = sourcecode.swift; path = CoreDataStack.swift; sourceTree = "<group>"; };
		8D736DA928B2712F0067E738 /* ModelV2.xcdatamodel */ = {isa = PBXFileReference; lastKnownFileType = wrapper.xcdatamodel; path = ModelV2.xcdatamodel; sourceTree = "<group>"; };
		8D736DAA28B2712F0067E738 /* Model.xcdatamodel */ = {isa = PBXFileReference; lastKnownFileType = wrapper.xcdatamodel; path = Model.xcdatamodel; sourceTree = "<group>"; };
		8DE8A8B528B28E9800B898E1 /* ModelV3.xcdatamodel */ = {isa = PBXFileReference; lastKnownFileType = wrapper.xcdatamodel; path = ModelV3.xcdatamodel; sourceTree = "<group>"; };
		8DE8A8B628B28F5900B898E1 /* Retail+CoreDataClass.swift */ = {isa = PBXFileReference; lastKnownFileType = sourcecode.swift; path = "Retail+CoreDataClass.swift"; sourceTree = "<group>"; };
		8DE8A8B728B28F5900B898E1 /* Retail+CoreDataProperties.swift */ = {isa = PBXFileReference; lastKnownFileType = sourcecode.swift; path = "Retail+CoreDataProperties.swift"; sourceTree = "<group>"; };
		8DE8A8B828B28F5900B898E1 /* Customer+CoreDataClass.swift */ = {isa = PBXFileReference; lastKnownFileType = sourcecode.swift; path = "Customer+CoreDataClass.swift"; sourceTree = "<group>"; };
		8DE8A8B928B28F5900B898E1 /* Customer+CoreDataProperties.swift */ = {isa = PBXFileReference; lastKnownFileType = sourcecode.swift; path = "Customer+CoreDataProperties.swift"; sourceTree = "<group>"; };
		8DE8A8BA28B28F5900B898E1 /* Invoice+CoreDataClass.swift */ = {isa = PBXFileReference; lastKnownFileType = sourcecode.swift; path = "Invoice+CoreDataClass.swift"; sourceTree = "<group>"; };
		8DE8A8BB28B28F5900B898E1 /* Invoice+CoreDataProperties.swift */ = {isa = PBXFileReference; lastKnownFileType = sourcecode.swift; path = "Invoice+CoreDataProperties.swift"; sourceTree = "<group>"; };
/* End PBXFileReference section */

/* Begin PBXFrameworksBuildPhase section */
		8D158D4528AF93E400EA4407 /* Frameworks */ = {
			isa = PBXFrameworksBuildPhase;
			buildActionMask = 2147483647;
			files = (
			);
			runOnlyForDeploymentPostprocessing = 0;
		};
/* End PBXFrameworksBuildPhase section */

/* Begin PBXGroup section */
		8D158D3F28AF93E400EA4407 = {
			isa = PBXGroup;
			children = (
				8DE8A8B628B28F5900B898E1 /* Retail+CoreDataClass.swift */,
				8DE8A8B728B28F5900B898E1 /* Retail+CoreDataProperties.swift */,
				8DE8A8B828B28F5900B898E1 /* Customer+CoreDataClass.swift */,
				8DE8A8B928B28F5900B898E1 /* Customer+CoreDataProperties.swift */,
				8DE8A8BA28B28F5900B898E1 /* Invoice+CoreDataClass.swift */,
				8DE8A8BB28B28F5900B898E1 /* Invoice+CoreDataProperties.swift */,
				8D158D4A28AF93E400EA4407 /* swift-charts */,
				8D158D4928AF93E400EA4407 /* Products */,
			);
			sourceTree = "<group>";
		};
		8D158D4928AF93E400EA4407 /* Products */ = {
			isa = PBXGroup;
			children = (
				8D158D4828AF93E400EA4407 /* swift-charts.app */,
			);
			name = Products;
			sourceTree = "<group>";
		};
		8D158D4A28AF93E400EA4407 /* swift-charts */ = {
			isa = PBXGroup;
			children = (
				8D36031728B0B38F00FC5A7C /* online-retail.csv */,
				8D36031328B08B8100FC5A7C /* RetailAPI.swift */,
				8D158D4B28AF93E400EA4407 /* swift_chartsApp.swift */,
				8D158D4D28AF93E400EA4407 /* ContentView.swift */,
				8D4A869D28B0E1040061E5DC /* ChartView.swift */,
				8D4A86A228B219800061E5DC /* CoreDataStack.swift */,
				8D158D4F28AF93E700EA4407 /* Assets.xcassets */,
				8D158D5128AF93E700EA4407 /* Preview Content */,
				8D736DA828B2712F0067E738 /* Model.xcdatamodeld */,
			);
			path = "swift-charts";
			sourceTree = "<group>";
		};
		8D158D5128AF93E700EA4407 /* Preview Content */ = {
			isa = PBXGroup;
			children = (
				8D158D5228AF93E700EA4407 /* Preview Assets.xcassets */,
			);
			path = "Preview Content";
			sourceTree = "<group>";
		};
/* End PBXGroup section */

/* Begin PBXNativeTarget section */
		8D158D4728AF93E400EA4407 /* swift-charts */ = {
			isa = PBXNativeTarget;
			buildConfigurationList = 8D158D5628AF93E700EA4407 /* Build configuration list for PBXNativeTarget "swift-charts" */;
			buildPhases = (
				8D158D4428AF93E400EA4407 /* Sources */,
				8D158D4528AF93E400EA4407 /* Frameworks */,
				8D158D4628AF93E400EA4407 /* Resources */,
			);
			buildRules = (
			);
			dependencies = (
			);
			name = "swift-charts";
			packageProductDependencies = (
			);
			productName = "swift-charts";
			productReference = 8D158D4828AF93E400EA4407 /* swift-charts.app */;
			productType = "com.apple.product-type.application";
		};
/* End PBXNativeTarget section */

/* Begin PBXProject section */
		8D158D4028AF93E400EA4407 /* Project object */ = {
			isa = PBXProject;
			attributes = {
				BuildIndependentTargetsInParallel = 1;
				LastSwiftUpdateCheck = 1340;
				LastUpgradeCheck = 1340;
				TargetAttributes = {
					8D158D4728AF93E400EA4407 = {
						CreatedOnToolsVersion = 13.4.1;
					};
				};
			};
			buildConfigurationList = 8D158D4328AF93E400EA4407 /* Build configuration list for PBXProject "swift-charts" */;
			compatibilityVersion = "Xcode 13.0";
			developmentRegion = en;
			hasScannedForEncodings = 0;
			knownRegions = (
				en,
				Base,
			);
			mainGroup = 8D158D3F28AF93E400EA4407;
			packageReferences = (
			);
			productRefGroup = 8D158D4928AF93E400EA4407 /* Products */;
			projectDirPath = "";
			projectRoot = "";
			targets = (
				8D158D4728AF93E400EA4407 /* swift-charts */,
			);
		};
/* End PBXProject section */

/* Begin PBXResourcesBuildPhase section */
		8D158D4628AF93E400EA4407 /* Resources */ = {
			isa = PBXResourcesBuildPhase;
			buildActionMask = 2147483647;
			files = (
				8D36031828B0B38F00FC5A7C /* online-retail.csv in Resources */,
				8D158D5328AF93E700EA4407 /* Preview Assets.xcassets in Resources */,
				8D158D5028AF93E700EA4407 /* Assets.xcassets in Resources */,
			);
			runOnlyForDeploymentPostprocessing = 0;
		};
/* End PBXResourcesBuildPhase section */

/* Begin PBXSourcesBuildPhase section */
		8D158D4428AF93E400EA4407 /* Sources */ = {
			isa = PBXSourcesBuildPhase;
			buildActionMask = 2147483647;
			files = (
				8D36031428B08B8100FC5A7C /* RetailAPI.swift in Sources */,
				8DE8A8BF28B28F5900B898E1 /* Customer+CoreDataProperties.swift in Sources */,
				8D158D4E28AF93E400EA4407 /* ContentView.swift in Sources */,
				8DE8A8BC28B28F5900B898E1 /* Retail+CoreDataClass.swift in Sources */,
				8DE8A8BE28B28F5900B898E1 /* Customer+CoreDataClass.swift in Sources */,
				8D4A86A328B219800061E5DC /* CoreDataStack.swift in Sources */,
				8DE8A8C128B28F5900B898E1 /* Invoice+CoreDataProperties.swift in Sources */,
				8D158D4C28AF93E400EA4407 /* swift_chartsApp.swift in Sources */,
				8D4A869E28B0E1040061E5DC /* ChartView.swift in Sources */,
				8DE8A8BD28B28F5900B898E1 /* Retail+CoreDataProperties.swift in Sources */,
				8DE8A8C028B28F5900B898E1 /* Invoice+CoreDataClass.swift in Sources */,
				8D736DAB28B2712F0067E738 /* Model.xcdatamodeld in Sources */,
			);
			runOnlyForDeploymentPostprocessing = 0;
		};
/* End PBXSourcesBuildPhase section */

/* Begin XCBuildConfiguration section */
		8D158D5428AF93E700EA4407 /* Debug */ = {
			isa = XCBuildConfiguration;
			buildSettings = {
				ALWAYS_SEARCH_USER_PATHS = NO;
				CLANG_ANALYZER_NONNULL = YES;
				CLANG_ANALYZER_NUMBER_OBJECT_CONVERSION = YES_AGGRESSIVE;
				CLANG_CXX_LANGUAGE_STANDARD = "gnu++17";
				CLANG_ENABLE_MODULES = YES;
				CLANG_ENABLE_OBJC_ARC = YES;
				CLANG_ENABLE_OBJC_WEAK = YES;
				CLANG_WARN_BLOCK_CAPTURE_AUTORELEASING = YES;
				CLANG_WARN_BOOL_CONVERSION = YES;
				CLANG_WARN_COMMA = YES;
				CLANG_WARN_CONSTANT_CONVERSION = YES;
				CLANG_WARN_DEPRECATED_OBJC_IMPLEMENTATIONS = YES;
				CLANG_WARN_DIRECT_OBJC_ISA_USAGE = YES_ERROR;
				CLANG_WARN_DOCUMENTATION_COMMENTS = YES;
				CLANG_WARN_EMPTY_BODY = YES;
				CLANG_WARN_ENUM_CONVERSION = YES;
				CLANG_WARN_INFINITE_RECURSION = YES;
				CLANG_WARN_INT_CONVERSION = YES;
				CLANG_WARN_NON_LITERAL_NULL_CONVERSION = YES;
				CLANG_WARN_OBJC_IMPLICIT_RETAIN_SELF = YES;
				CLANG_WARN_OBJC_LITERAL_CONVERSION = YES;
				CLANG_WARN_OBJC_ROOT_CLASS = YES_ERROR;
				CLANG_WARN_QUOTED_INCLUDE_IN_FRAMEWORK_HEADER = YES;
				CLANG_WARN_RANGE_LOOP_ANALYSIS = YES;
				CLANG_WARN_STRICT_PROTOTYPES = YES;
				CLANG_WARN_SUSPICIOUS_MOVE = YES;
				CLANG_WARN_UNGUARDED_AVAILABILITY = YES_AGGRESSIVE;
				CLANG_WARN_UNREACHABLE_CODE = YES;
				CLANG_WARN__DUPLICATE_METHOD_MATCH = YES;
				COPY_PHASE_STRIP = NO;
				DEBUG_INFORMATION_FORMAT = dwarf;
				ENABLE_STRICT_OBJC_MSGSEND = YES;
				ENABLE_TESTABILITY = YES;
				GCC_C_LANGUAGE_STANDARD = gnu11;
				GCC_DYNAMIC_NO_PIC = NO;
				GCC_NO_COMMON_BLOCKS = YES;
				GCC_OPTIMIZATION_LEVEL = 0;
				GCC_PREPROCESSOR_DEFINITIONS = (
					"DEBUG=1",
					"$(inherited)",
				);
				GCC_WARN_64_TO_32_BIT_CONVERSION = YES;
				GCC_WARN_ABOUT_RETURN_TYPE = YES_ERROR;
				GCC_WARN_UNDECLARED_SELECTOR = YES;
				GCC_WARN_UNINITIALIZED_AUTOS = YES_AGGRESSIVE;
				GCC_WARN_UNUSED_FUNCTION = YES;
				GCC_WARN_UNUSED_VARIABLE = YES;
				IPHONEOS_DEPLOYMENT_TARGET = 16.0;
				MTL_ENABLE_DEBUG_INFO = INCLUDE_SOURCE;
				MTL_FAST_MATH = YES;
				ONLY_ACTIVE_ARCH = YES;
				SDKROOT = iphoneos;
				SWIFT_ACTIVE_COMPILATION_CONDITIONS = DEBUG;
				SWIFT_OPTIMIZATION_LEVEL = "-Onone";
			};
			name = Debug;
		};
		8D158D5528AF93E700EA4407 /* Release */ = {
			isa = XCBuildConfiguration;
			buildSettings = {
				ALWAYS_SEARCH_USER_PATHS = NO;
				CLANG_ANALYZER_NONNULL = YES;
				CLANG_ANALYZER_NUMBER_OBJECT_CONVERSION = YES_AGGRESSIVE;
				CLANG_CXX_LANGUAGE_STANDARD = "gnu++17";
				CLANG_ENABLE_MODULES = YES;
				CLANG_ENABLE_OBJC_ARC = YES;
				CLANG_ENABLE_OBJC_WEAK = YES;
				CLANG_WARN_BLOCK_CAPTURE_AUTORELEASING = YES;
				CLANG_WARN_BOOL_CONVERSION = YES;
				CLANG_WARN_COMMA = YES;
				CLANG_WARN_CONSTANT_CONVERSION = YES;
				CLANG_WARN_DEPRECATED_OBJC_IMPLEMENTATIONS = YES;
				CLANG_WARN_DIRECT_OBJC_ISA_USAGE = YES_ERROR;
				CLANG_WARN_DOCUMENTATION_COMMENTS = YES;
				CLANG_WARN_EMPTY_BODY = YES;
				CLANG_WARN_ENUM_CONVERSION = YES;
				CLANG_WARN_INFINITE_RECURSION = YES;
				CLANG_WARN_INT_CONVERSION = YES;
				CLANG_WARN_NON_LITERAL_NULL_CONVERSION = YES;
				CLANG_WARN_OBJC_IMPLICIT_RETAIN_SELF = YES;
				CLANG_WARN_OBJC_LITERAL_CONVERSION = YES;
				CLANG_WARN_OBJC_ROOT_CLASS = YES_ERROR;
				CLANG_WARN_QUOTED_INCLUDE_IN_FRAMEWORK_HEADER = YES;
				CLANG_WARN_RANGE_LOOP_ANALYSIS = YES;
				CLANG_WARN_STRICT_PROTOTYPES = YES;
				CLANG_WARN_SUSPICIOUS_MOVE = YES;
				CLANG_WARN_UNGUARDED_AVAILABILITY = YES_AGGRESSIVE;
				CLANG_WARN_UNREACHABLE_CODE = YES;
				CLANG_WARN__DUPLICATE_METHOD_MATCH = YES;
				COPY_PHASE_STRIP = NO;
				DEBUG_INFORMATION_FORMAT = "dwarf-with-dsym";
				ENABLE_NS_ASSERTIONS = NO;
				ENABLE_STRICT_OBJC_MSGSEND = YES;
				GCC_C_LANGUAGE_STANDARD = gnu11;
				GCC_NO_COMMON_BLOCKS = YES;
				GCC_WARN_64_TO_32_BIT_CONVERSION = YES;
				GCC_WARN_ABOUT_RETURN_TYPE = YES_ERROR;
				GCC_WARN_UNDECLARED_SELECTOR = YES;
				GCC_WARN_UNINITIALIZED_AUTOS = YES_AGGRESSIVE;
				GCC_WARN_UNUSED_FUNCTION = YES;
				GCC_WARN_UNUSED_VARIABLE = YES;
				IPHONEOS_DEPLOYMENT_TARGET = 16.0;
				MTL_ENABLE_DEBUG_INFO = NO;
				MTL_FAST_MATH = YES;
				SDKROOT = iphoneos;
				SWIFT_COMPILATION_MODE = wholemodule;
				SWIFT_OPTIMIZATION_LEVEL = "-O";
				VALIDATE_PRODUCT = YES;
			};
			name = Release;
		};
		8D158D5728AF93E700EA4407 /* Debug */ = {
			isa = XCBuildConfiguration;
			buildSettings = {
				ASSETCATALOG_COMPILER_APPICON_NAME = AppIcon;
				ASSETCATALOG_COMPILER_GLOBAL_ACCENT_COLOR_NAME = AccentColor;
				CODE_SIGN_STYLE = Automatic;
				CURRENT_PROJECT_VERSION = 1;
				DEVELOPMENT_ASSET_PATHS = "\"swift-charts/Preview Content\"";
				DEVELOPMENT_TEAM = RMFRRSQ9CJ;
				ENABLE_PREVIEWS = YES;
				GENERATE_INFOPLIST_FILE = YES;
				INFOPLIST_KEY_UIApplicationSceneManifest_Generation = YES;
				INFOPLIST_KEY_UIApplicationSupportsIndirectInputEvents = YES;
				INFOPLIST_KEY_UILaunchScreen_Generation = YES;
				INFOPLIST_KEY_UISupportedInterfaceOrientations_iPad = "UIInterfaceOrientationPortrait UIInterfaceOrientationPortraitUpsideDown UIInterfaceOrientationLandscapeLeft UIInterfaceOrientationLandscapeRight";
				INFOPLIST_KEY_UISupportedInterfaceOrientations_iPhone = "UIInterfaceOrientationPortrait UIInterfaceOrientationLandscapeLeft UIInterfaceOrientationLandscapeRight";
				IPHONEOS_DEPLOYMENT_TARGET = 16.0;
				LD_RUNPATH_SEARCH_PATHS = (
					"$(inherited)",
					"@executable_path/Frameworks",
				);
				MARKETING_VERSION = 1.0;
				PRODUCT_BUNDLE_IDENTIFIER = "yuhsuan.swift-charts";
				PRODUCT_NAME = "$(TARGET_NAME)";
				SWIFT_EMIT_LOC_STRINGS = YES;
				SWIFT_VERSION = 5.0;
				TARGETED_DEVICE_FAMILY = "1,2";
			};
			name = Debug;
		};
		8D158D5828AF93E700EA4407 /* Release */ = {
			isa = XCBuildConfiguration;
			buildSettings = {
				ASSETCATALOG_COMPILER_APPICON_NAME = AppIcon;
				ASSETCATALOG_COMPILER_GLOBAL_ACCENT_COLOR_NAME = AccentColor;
				CODE_SIGN_STYLE = Automatic;
				CURRENT_PROJECT_VERSION = 1;
				DEVELOPMENT_ASSET_PATHS = "\"swift-charts/Preview Content\"";
				DEVELOPMENT_TEAM = RMFRRSQ9CJ;
				ENABLE_PREVIEWS = YES;
				GENERATE_INFOPLIST_FILE = YES;
				INFOPLIST_KEY_UIApplicationSceneManifest_Generation = YES;
				INFOPLIST_KEY_UIApplicationSupportsIndirectInputEvents = YES;
				INFOPLIST_KEY_UILaunchScreen_Generation = YES;
				INFOPLIST_KEY_UISupportedInterfaceOrientations_iPad = "UIInterfaceOrientationPortrait UIInterfaceOrientationPortraitUpsideDown UIInterfaceOrientationLandscapeLeft UIInterfaceOrientationLandscapeRight";
				INFOPLIST_KEY_UISupportedInterfaceOrientations_iPhone = "UIInterfaceOrientationPortrait UIInterfaceOrientationLandscapeLeft UIInterfaceOrientationLandscapeRight";
				IPHONEOS_DEPLOYMENT_TARGET = 16.0;
				LD_RUNPATH_SEARCH_PATHS = (
					"$(inherited)",
					"@executable_path/Frameworks",
				);
				MARKETING_VERSION = 1.0;
				PRODUCT_BUNDLE_IDENTIFIER = "yuhsuan.swift-charts";
				PRODUCT_NAME = "$(TARGET_NAME)";
				SWIFT_EMIT_LOC_STRINGS = YES;
				SWIFT_VERSION = 5.0;
				TARGETED_DEVICE_FAMILY = "1,2";
			};
			name = Release;
		};
/* End XCBuildConfiguration section */

/* Begin XCConfigurationList section */
		8D158D4328AF93E400EA4407 /* Build configuration list for PBXProject "swift-charts" */ = {
			isa = XCConfigurationList;
			buildConfigurations = (
				8D158D5428AF93E700EA4407 /* Debug */,
				8D158D5528AF93E700EA4407 /* Release */,
			);
			defaultConfigurationIsVisible = 0;
			defaultConfigurationName = Release;
		};
		8D158D5628AF93E700EA4407 /* Build configuration list for PBXNativeTarget "swift-charts" */ = {
			isa = XCConfigurationList;
			buildConfigurations = (
				8D158D5728AF93E700EA4407 /* Debug */,
				8D158D5828AF93E700EA4407 /* Release */,
			);
			defaultConfigurationIsVisible = 0;
			defaultConfigurationName = Release;
		};
/* End XCConfigurationList section */

/* Begin XCVersionGroup section */
		8D736DA828B2712F0067E738 /* Model.xcdatamodeld */ = {
			isa = XCVersionGroup;
			children = (
				8DE8A8B528B28E9800B898E1 /* ModelV3.xcdatamodel */,
				8D736DA928B2712F0067E738 /* ModelV2.xcdatamodel */,
				8D736DAA28B2712F0067E738 /* Model.xcdatamodel */,
			);
			currentVersion = 8DE8A8B528B28E9800B898E1 /* ModelV3.xcdatamodel */;
			path = Model.xcdatamodeld;
			sourceTree = "<group>";
			versionGroupType = wrapper.xcdatamodel;
		};
/* End XCVersionGroup section */
	};
	rootObject = 8D158D4028AF93E400EA4407 /* Project object */;
}
